// !$*UTF8*$!
{
	archiveVersion = 1;
	classes = {
	};
	objectVersion = 50;
	objects = {

/* Begin PBXBuildFile section */
		84193E162255C8F10039C6A6 /* AppDelegate.swift in Sources */ = {isa = PBXBuildFile; fileRef = 84193E152255C8F10039C6A6 /* AppDelegate.swift */; };
		84193E182255C8F10039C6A6 /* ViewController.swift in Sources */ = {isa = PBXBuildFile; fileRef = 84193E172255C8F10039C6A6 /* ViewController.swift */; };
		84193E1B2255C8F10039C6A6 /* Main.storyboard in Resources */ = {isa = PBXBuildFile; fileRef = 84193E192255C8F10039C6A6 /* Main.storyboard */; };
		84193E1D2255C8F20039C6A6 /* Assets.xcassets in Resources */ = {isa = PBXBuildFile; fileRef = 84193E1C2255C8F20039C6A6 /* Assets.xcassets */; };
		84193E202255C8F20039C6A6 /* LaunchScreen.storyboard in Resources */ = {isa = PBXBuildFile; fileRef = 84193E1E2255C8F20039C6A6 /* LaunchScreen.storyboard */; };
		84193E2B2255C8F20039C6A6 /* EWCountdownButtonTests.swift in Sources */ = {isa = PBXBuildFile; fileRef = 84193E2A2255C8F20039C6A6 /* EWCountdownButtonTests.swift */; };
		84193E362255C8F20039C6A6 /* EWCountdownButtonUITests.swift in Sources */ = {isa = PBXBuildFile; fileRef = 84193E352255C8F20039C6A6 /* EWCountdownButtonUITests.swift */; };
/* End PBXBuildFile section */

/* Begin PBXContainerItemProxy section */
		84193E272255C8F20039C6A6 /* PBXContainerItemProxy */ = {
			isa = PBXContainerItemProxy;
			containerPortal = 84193E0A2255C8F10039C6A6 /* Project object */;
			proxyType = 1;
			remoteGlobalIDString = 84193E112255C8F10039C6A6;
			remoteInfo = EWCountdownButton;
		};
		84193E322255C8F20039C6A6 /* PBXContainerItemProxy */ = {
			isa = PBXContainerItemProxy;
			containerPortal = 84193E0A2255C8F10039C6A6 /* Project object */;
			proxyType = 1;
			remoteGlobalIDString = 84193E112255C8F10039C6A6;
			remoteInfo = EWCountdownButton;
		};
/* End PBXContainerItemProxy section */

/* Begin PBXFileReference section */
		84193E122255C8F10039C6A6 /* EWCountdownButton.app */ = {isa = PBXFileReference; explicitFileType = wrapper.application; includeInIndex = 0; path = EWCountdownButton.app; sourceTree = BUILT_PRODUCTS_DIR; };
		84193E152255C8F10039C6A6 /* AppDelegate.swift */ = {isa = PBXFileReference; lastKnownFileType = sourcecode.swift; path = AppDelegate.swift; sourceTree = "<group>"; };
		84193E172255C8F10039C6A6 /* ViewController.swift */ = {isa = PBXFileReference; lastKnownFileType = sourcecode.swift; path = ViewController.swift; sourceTree = "<group>"; };
		84193E1A2255C8F10039C6A6 /* Base */ = {isa = PBXFileReference; lastKnownFileType = file.storyboard; name = Base; path = Base.lproj/Main.storyboard; sourceTree = "<group>"; };
		84193E1C2255C8F20039C6A6 /* Assets.xcassets */ = {isa = PBXFileReference; lastKnownFileType = folder.assetcatalog; path = Assets.xcassets; sourceTree = "<group>"; };
		84193E1F2255C8F20039C6A6 /* Base */ = {isa = PBXFileReference; lastKnownFileType = file.storyboard; name = Base; path = Base.lproj/LaunchScreen.storyboard; sourceTree = "<group>"; };
		84193E212255C8F20039C6A6 /* Info.plist */ = {isa = PBXFileReference; lastKnownFileType = text.plist.xml; path = Info.plist; sourceTree = "<group>"; };
		84193E262255C8F20039C6A6 /* EWCountdownButtonTests.xctest */ = {isa = PBXFileReference; explicitFileType = wrapper.cfbundle; includeInIndex = 0; path = EWCountdownButtonTests.xctest; sourceTree = BUILT_PRODUCTS_DIR; };
		84193E2A2255C8F20039C6A6 /* EWCountdownButtonTests.swift */ = {isa = PBXFileReference; lastKnownFileType = sourcecode.swift; path = EWCountdownButtonTests.swift; sourceTree = "<group>"; };
		84193E2C2255C8F20039C6A6 /* Info.plist */ = {isa = PBXFileReference; lastKnownFileType = text.plist.xml; path = Info.plist; sourceTree = "<group>"; };
		84193E312255C8F20039C6A6 /* EWCountdownButtonUITests.xctest */ = {isa = PBXFileReference; explicitFileType = wrapper.cfbundle; includeInIndex = 0; path = EWCountdownButtonUITests.xctest; sourceTree = BUILT_PRODUCTS_DIR; };
		84193E352255C8F20039C6A6 /* EWCountdownButtonUITests.swift */ = {isa = PBXFileReference; lastKnownFileType = sourcecode.swift; path = EWCountdownButtonUITests.swift; sourceTree = "<group>"; };
		84193E372255C8F20039C6A6 /* Info.plist */ = {isa = PBXFileReference; lastKnownFileType = text.plist.xml; path = Info.plist; sourceTree = "<group>"; };
/* End PBXFileReference section */

/* Begin PBXFrameworksBuildPhase section */
		84193E0F2255C8F10039C6A6 /* Frameworks */ = {
			isa = PBXFrameworksBuildPhase;
			buildActionMask = 2147483647;
			files = (
			);
			runOnlyForDeploymentPostprocessing = 0;
		};
		84193E232255C8F20039C6A6 /* Frameworks */ = {
			isa = PBXFrameworksBuildPhase;
			buildActionMask = 2147483647;
			files = (
			);
			runOnlyForDeploymentPostprocessing = 0;
		};
		84193E2E2255C8F20039C6A6 /* Frameworks */ = {
			isa = PBXFrameworksBuildPhase;
			buildActionMask = 2147483647;
			files = (
			);
			runOnlyForDeploymentPostprocessing = 0;
		};
/* End PBXFrameworksBuildPhase section */

/* Begin PBXGroup section */
		84193E092255C8F10039C6A6 = {
			isa = PBXGroup;
			children = (
				84193E142255C8F10039C6A6 /* EWCountdownButton */,
				84193E292255C8F20039C6A6 /* EWCountdownButtonTests */,
				84193E342255C8F20039C6A6 /* EWCountdownButtonUITests */,
				84193E132255C8F10039C6A6 /* Products */,
			);
			sourceTree = "<group>";
		};
		84193E132255C8F10039C6A6 /* Products */ = {
			isa = PBXGroup;
			children = (
				84193E122255C8F10039C6A6 /* EWCountdownButton.app */,
				84193E262255C8F20039C6A6 /* EWCountdownButtonTests.xctest */,
				84193E312255C8F20039C6A6 /* EWCountdownButtonUITests.xctest */,
			);
			name = Products;
			sourceTree = "<group>";
		};
		84193E142255C8F10039C6A6 /* EWCountdownButton */ = {
			isa = PBXGroup;
			children = (
				84193E152255C8F10039C6A6 /* AppDelegate.swift */,
				84193E172255C8F10039C6A6 /* ViewController.swift */,
				84193E192255C8F10039C6A6 /* Main.storyboard */,
				84193E1C2255C8F20039C6A6 /* Assets.xcassets */,
				84193E1E2255C8F20039C6A6 /* LaunchScreen.storyboard */,
				84193E212255C8F20039C6A6 /* Info.plist */,
			);
			path = EWCountdownButton;
			sourceTree = "<group>";
		};
		84193E292255C8F20039C6A6 /* EWCountdownButtonTests */ = {
			isa = PBXGroup;
			children = (
				84193E2A2255C8F20039C6A6 /* EWCountdownButtonTests.swift */,
				84193E2C2255C8F20039C6A6 /* Info.plist */,
			);
			path = EWCountdownButtonTests;
			sourceTree = "<group>";
		};
		84193E342255C8F20039C6A6 /* EWCountdownButtonUITests */ = {
			isa = PBXGroup;
			children = (
				84193E352255C8F20039C6A6 /* EWCountdownButtonUITests.swift */,
				84193E372255C8F20039C6A6 /* Info.plist */,
			);
			path = EWCountdownButtonUITests;
			sourceTree = "<group>";
		};
/* End PBXGroup section */

/* Begin PBXNativeTarget section */
		84193E112255C8F10039C6A6 /* EWCountdownButton */ = {
			isa = PBXNativeTarget;
			buildConfigurationList = 84193E3A2255C8F20039C6A6 /* Build configuration list for PBXNativeTarget "EWCountdownButton" */;
			buildPhases = (
				84193E0E2255C8F10039C6A6 /* Sources */,
				84193E0F2255C8F10039C6A6 /* Frameworks */,
				84193E102255C8F10039C6A6 /* Resources */,
			);
			buildRules = (
			);
			dependencies = (
			);
			name = EWCountdownButton;
			productName = EWCountdownButton;
			productReference = 84193E122255C8F10039C6A6 /* EWCountdownButton.app */;
			productType = "com.apple.product-type.application";
		};
		84193E252255C8F20039C6A6 /* EWCountdownButtonTests */ = {
			isa = PBXNativeTarget;
			buildConfigurationList = 84193E3D2255C8F20039C6A6 /* Build configuration list for PBXNativeTarget "EWCountdownButtonTests" */;
			buildPhases = (
				84193E222255C8F20039C6A6 /* Sources */,
				84193E232255C8F20039C6A6 /* Frameworks */,
				84193E242255C8F20039C6A6 /* Resources */,
			);
			buildRules = (
			);
			dependencies = (
				84193E282255C8F20039C6A6 /* PBXTargetDependency */,
			);
			name = EWCountdownButtonTests;
			productName = EWCountdownButtonTests;
			productReference = 84193E262255C8F20039C6A6 /* EWCountdownButtonTests.xctest */;
			productType = "com.apple.product-type.bundle.unit-test";
		};
		84193E302255C8F20039C6A6 /* EWCountdownButtonUITests */ = {
			isa = PBXNativeTarget;
			buildConfigurationList = 84193E402255C8F20039C6A6 /* Build configuration list for PBXNativeTarget "EWCountdownButtonUITests" */;
			buildPhases = (
				84193E2D2255C8F20039C6A6 /* Sources */,
				84193E2E2255C8F20039C6A6 /* Frameworks */,
				84193E2F2255C8F20039C6A6 /* Resources */,
			);
			buildRules = (
			);
			dependencies = (
				84193E332255C8F20039C6A6 /* PBXTargetDependency */,
			);
			name = EWCountdownButtonUITests;
			productName = EWCountdownButtonUITests;
			productReference = 84193E312255C8F20039C6A6 /* EWCountdownButtonUITests.xctest */;
			productType = "com.apple.product-type.bundle.ui-testing";
		};
/* End PBXNativeTarget section */

/* Begin PBXProject section */
		84193E0A2255C8F10039C6A6 /* Project object */ = {
			isa = PBXProject;
			attributes = {
				LastSwiftUpdateCheck = 1020;
				LastUpgradeCheck = 1020;
				ORGANIZATIONNAME = "王利权";
				TargetAttributes = {
					84193E112255C8F10039C6A6 = {
						CreatedOnToolsVersion = 10.2;
					};
					84193E252255C8F20039C6A6 = {
						CreatedOnToolsVersion = 10.2;
						TestTargetID = 84193E112255C8F10039C6A6;
					};
					84193E302255C8F20039C6A6 = {
						CreatedOnToolsVersion = 10.2;
						TestTargetID = 84193E112255C8F10039C6A6;
					};
				};
			};
			buildConfigurationList = 84193E0D2255C8F10039C6A6 /* Build configuration list for PBXProject "EWCountdownButton" */;
			compatibilityVersion = "Xcode 9.3";
			developmentRegion = en;
			hasScannedForEncodings = 0;
			knownRegions = (
				en,
				Base,
			);
			mainGroup = 84193E092255C8F10039C6A6;
			productRefGroup = 84193E132255C8F10039C6A6 /* Products */;
			projectDirPath = "";
			projectRoot = "";
			targets = (
				84193E112255C8F10039C6A6 /* EWCountdownButton */,
				84193E252255C8F20039C6A6 /* EWCountdownButtonTests */,
				84193E302255C8F20039C6A6 /* EWCountdownButtonUITests */,
			);
		};
/* End PBXProject section */

/* Begin PBXResourcesBuildPhase section */
		84193E102255C8F10039C6A6 /* Resources */ = {
			isa = PBXResourcesBuildPhase;
			buildActionMask = 2147483647;
			files = (
				84193E202255C8F20039C6A6 /* LaunchScreen.storyboard in Resources */,
				84193E1D2255C8F20039C6A6 /* Assets.xcassets in Resources */,
				84193E1B2255C8F10039C6A6 /* Main.storyboard in Resources */,
			);
			runOnlyForDeploymentPostprocessing = 0;
		};
		84193E242255C8F20039C6A6 /* Resources */ = {
			isa = PBXResourcesBuildPhase;
			buildActionMask = 2147483647;
			files = (
			);
			runOnlyForDeploymentPostprocessing = 0;
		};
		84193E2F2255C8F20039C6A6 /* Resources */ = {
			isa = PBXResourcesBuildPhase;
			buildActionMask = 2147483647;
			files = (
			);
			runOnlyForDeploymentPostprocessing = 0;
		};
/* End PBXResourcesBuildPhase section */

/* Begin PBXSourcesBuildPhase section */
		84193E0E2255C8F10039C6A6 /* Sources */ = {
			isa = PBXSourcesBuildPhase;
			buildActionMask = 2147483647;
			files = (
				84193E182255C8F10039C6A6 /* ViewController.swift in Sources */,
				84193E162255C8F10039C6A6 /* AppDelegate.swift in Sources */,
			);
			runOnlyForDeploymentPostprocessing = 0;
		};
		84193E222255C8F20039C6A6 /* Sources */ = {
			isa = PBXSourcesBuildPhase;
			buildActionMask = 2147483647;
			files = (
				84193E2B2255C8F20039C6A6 /* EWCountdownButtonTests.swift in Sources */,
			);
			runOnlyForDeploymentPostprocessing = 0;
		};
		84193E2D2255C8F20039C6A6 /* Sources */ = {
			isa = PBXSourcesBuildPhase;
			buildActionMask = 2147483647;
			files = (
				84193E362255C8F20039C6A6 /* EWCountdownButtonUITests.swift in Sources */,
			);
			runOnlyForDeploymentPostprocessing = 0;
		};
/* End PBXSourcesBuildPhase section */

/* Begin PBXTargetDependency section */
		84193E282255C8F20039C6A6 /* PBXTargetDependency */ = {
			isa = PBXTargetDependency;
			target = 84193E112255C8F10039C6A6 /* EWCountdownButton */;
			targetProxy = 84193E272255C8F20039C6A6 /* PBXContainerItemProxy */;
		};
		84193E332255C8F20039C6A6 /* PBXTargetDependency */ = {
			isa = PBXTargetDependency;
			target = 84193E112255C8F10039C6A6 /* EWCountdownButton */;
			targetProxy = 84193E322255C8F20039C6A6 /* PBXContainerItemProxy */;
		};
/* End PBXTargetDependency section */

/* Begin PBXVariantGroup section */
		84193E192255C8F10039C6A6 /* Main.storyboard */ = {
			isa = PBXVariantGroup;
			children = (
				84193E1A2255C8F10039C6A6 /* Base */,
			);
			name = Main.storyboard;
			sourceTree = "<group>";
		};
		84193E1E2255C8F20039C6A6 /* LaunchScreen.storyboard */ = {
			isa = PBXVariantGroup;
			children = (
				84193E1F2255C8F20039C6A6 /* Base */,
			);
			name = LaunchScreen.storyboard;
			sourceTree = "<group>";
		};
/* End PBXVariantGroup section */

/* Begin XCBuildConfiguration section */
		84193E382255C8F20039C6A6 /* Debug */ = {
			isa = XCBuildConfiguration;
			buildSettings = {
				ALWAYS_SEARCH_USER_PATHS = NO;
				CLANG_ANALYZER_NONNULL = YES;
				CLANG_ANALYZER_NUMBER_OBJECT_CONVERSION = YES_AGGRESSIVE;
				CLANG_CXX_LANGUAGE_STANDARD = "gnu++14";
				CLANG_CXX_LIBRARY = "libc++";
				CLANG_ENABLE_MODULES = YES;
				CLANG_ENABLE_OBJC_ARC = YES;
				CLANG_ENABLE_OBJC_WEAK = YES;
				CLANG_WARN_BLOCK_CAPTURE_AUTORELEASING = YES;
				CLANG_WARN_BOOL_CONVERSION = YES;
				CLANG_WARN_COMMA = YES;
				CLANG_WARN_CONSTANT_CONVERSION = YES;
				CLANG_WARN_DEPRECATED_OBJC_IMPLEMENTATIONS = YES;
				CLANG_WARN_DIRECT_OBJC_ISA_USAGE = YES_ERROR;
				CLANG_WARN_DOCUMENTATION_COMMENTS = YES;
				CLANG_WARN_EMPTY_BODY = YES;
				CLANG_WARN_ENUM_CONVERSION = YES;
				CLANG_WARN_INFINITE_RECURSION = YES;
				CLANG_WARN_INT_CONVERSION = YES;
				CLANG_WARN_NON_LITERAL_NULL_CONVERSION = YES;
				CLANG_WARN_OBJC_IMPLICIT_RETAIN_SELF = YES;
				CLANG_WARN_OBJC_LITERAL_CONVERSION = YES;
				CLANG_WARN_OBJC_ROOT_CLASS = YES_ERROR;
				CLANG_WARN_RANGE_LOOP_ANALYSIS = YES;
				CLANG_WARN_STRICT_PROTOTYPES = YES;
				CLANG_WARN_SUSPICIOUS_MOVE = YES;
				CLANG_WARN_UNGUARDED_AVAILABILITY = YES_AGGRESSIVE;
				CLANG_WARN_UNREACHABLE_CODE = YES;
				CLANG_WARN__DUPLICATE_METHOD_MATCH = YES;
				CODE_SIGN_IDENTITY = "iPhone Developer";
				COPY_PHASE_STRIP = NO;
				DEBUG_INFORMATION_FORMAT = dwarf;
				ENABLE_STRICT_OBJC_MSGSEND = YES;
				ENABLE_TESTABILITY = YES;
				GCC_C_LANGUAGE_STANDARD = gnu11;
				GCC_DYNAMIC_NO_PIC = NO;
				GCC_NO_COMMON_BLOCKS = YES;
				GCC_OPTIMIZATION_LEVEL = 0;
				GCC_PREPROCESSOR_DEFINITIONS = (
					"DEBUG=1",
					"$(inherited)",
				);
				GCC_WARN_64_TO_32_BIT_CONVERSION = YES;
				GCC_WARN_ABOUT_RETURN_TYPE = YES_ERROR;
				GCC_WARN_UNDECLARED_SELECTOR = YES;
				GCC_WARN_UNINITIALIZED_AUTOS = YES_AGGRESSIVE;
				GCC_WARN_UNUSED_FUNCTION = YES;
				GCC_WARN_UNUSED_VARIABLE = YES;
				IPHONEOS_DEPLOYMENT_TARGET = 12.2;
				MTL_ENABLE_DEBUG_INFO = INCLUDE_SOURCE;
				MTL_FAST_MATH = YES;
				ONLY_ACTIVE_ARCH = YES;
				SDKROOT = iphoneos;
				SWIFT_ACTIVE_COMPILATION_CONDITIONS = DEBUG;
				SWIFT_OPTIMIZATION_LEVEL = "-Onone";
			};
			name = Debug;
		};
		84193E392255C8F20039C6A6 /* Release */ = {
			isa = XCBuildConfiguration;
			buildSettings = {
				ALWAYS_SEARCH_USER_PATHS = NO;
				CLANG_ANALYZER_NONNULL = YES;
				CLANG_ANALYZER_NUMBER_OBJECT_CONVERSION = YES_AGGRESSIVE;
				CLANG_CXX_LANGUAGE_STANDARD = "gnu++14";
				CLANG_CXX_LIBRARY = "libc++";
				CLANG_ENABLE_MODULES = YES;
				CLANG_ENABLE_OBJC_ARC = YES;
				CLANG_ENABLE_OBJC_WEAK = YES;
				CLANG_WARN_BLOCK_CAPTURE_AUTORELEASING = YES;
				CLANG_WARN_BOOL_CONVERSION = YES;
				CLANG_WARN_COMMA = YES;
				CLANG_WARN_CONSTANT_CONVERSION = YES;
				CLANG_WARN_DEPRECATED_OBJC_IMPLEMENTATIONS = YES;
				CLANG_WARN_DIRECT_OBJC_ISA_USAGE = YES_ERROR;
				CLANG_WARN_DOCUMENTATION_COMMENTS = YES;
				CLANG_WARN_EMPTY_BODY = YES;
				CLANG_WARN_ENUM_CONVERSION = YES;
				CLANG_WARN_INFINITE_RECURSION = YES;
				CLANG_WARN_INT_CONVERSION = YES;
				CLANG_WARN_NON_LITERAL_NULL_CONVERSION = YES;
				CLANG_WARN_OBJC_IMPLICIT_RETAIN_SELF = YES;
				CLANG_WARN_OBJC_LITERAL_CONVERSION = YES;
				CLANG_WARN_OBJC_ROOT_CLASS = YES_ERROR;
				CLANG_WARN_RANGE_LOOP_ANALYSIS = YES;
				CLANG_WARN_STRICT_PROTOTYPES = YES;
				CLANG_WARN_SUSPICIOUS_MOVE = YES;
				CLANG_WARN_UNGUARDED_AVAILABILITY = YES_AGGRESSIVE;
				CLANG_WARN_UNREACHABLE_CODE = YES;
				CLANG_WARN__DUPLICATE_METHOD_MATCH = YES;
				CODE_SIGN_IDENTITY = "iPhone Developer";
				COPY_PHASE_STRIP = NO;
				DEBUG_INFORMATION_FORMAT = "dwarf-with-dsym";
				ENABLE_NS_ASSERTIONS = NO;
				ENABLE_STRICT_OBJC_MSGSEND = YES;
				GCC_C_LANGUAGE_STANDARD = gnu11;
				GCC_NO_COMMON_BLOCKS = YES;
				GCC_WARN_64_TO_32_BIT_CONVERSION = YES;
				GCC_WARN_ABOUT_RETURN_TYPE = YES_ERROR;
				GCC_WARN_UNDECLARED_SELECTOR = YES;
				GCC_WARN_UNINITIALIZED_AUTOS = YES_AGGRESSIVE;
				GCC_WARN_UNUSED_FUNCTION = YES;
				GCC_WARN_UNUSED_VARIABLE = YES;
				IPHONEOS_DEPLOYMENT_TARGET = 12.2;
				MTL_ENABLE_DEBUG_INFO = NO;
				MTL_FAST_MATH = YES;
				SDKROOT = iphoneos;
				SWIFT_COMPILATION_MODE = wholemodule;
				SWIFT_OPTIMIZATION_LEVEL = "-O";
				VALIDATE_PRODUCT = YES;
			};
			name = Release;
		};
		84193E3B2255C8F20039C6A6 /* Debug */ = {
			isa = XCBuildConfiguration;
			buildSettings = {
				ASSETCATALOG_COMPILER_APPICON_NAME = AppIcon;
				CODE_SIGN_STYLE = Automatic;
				DEVELOPMENT_TEAM = B8V4DCL3BF;
				INFOPLIST_FILE = EWCountdownButton/Info.plist;
				LD_RUNPATH_SEARCH_PATHS = (
					"$(inherited)",
					"@executable_path/Frameworks",
				);
				PRODUCT_BUNDLE_IDENTIFIER = com.Ethan.EWCountdownButton;
				PRODUCT_NAME = "$(TARGET_NAME)";
				SWIFT_VERSION = 5.0;
				TARGETED_DEVICE_FAMILY = "1,2";
			};
			name = Debug;
		};
		84193E3C2255C8F20039C6A6 /* Release */ = {
			isa = XCBuildConfiguration;
			buildSettings = {
				ASSETCATALOG_COMPILER_APPICON_NAME = AppIcon;
				CODE_SIGN_STYLE = Automatic;
				DEVELOPMENT_TEAM = B8V4DCL3BF;
				INFOPLIST_FILE = EWCountdownButton/Info.plist;
				LD_RUNPATH_SEARCH_PATHS = (
					"$(inherited)",
					"@executable_path/Frameworks",
				);
				PRODUCT_BUNDLE_IDENTIFIER = com.Ethan.EWCountdownButton;
				PRODUCT_NAME = "$(TARGET_NAME)";
				SWIFT_VERSION = 5.0;
				TARGETED_DEVICE_FAMILY = "1,2";
			};
			name = Release;
		};
		84193E3E2255C8F20039C6A6 /* Debug */ = {
			isa = XCBuildConfiguration;
			buildSettings = {
				ALWAYS_EMBED_SWIFT_STANDARD_LIBRARIES = YES;
				BUNDLE_LOADER = "$(TEST_HOST)";
				CODE_SIGN_STYLE = Automatic;
				DEVELOPMENT_TEAM = B8V4DCL3BF;
				INFOPLIST_FILE = EWCountdownButtonTests/Info.plist;
				LD_RUNPATH_SEARCH_PATHS = (
					"$(inherited)",
					"@executable_path/Frameworks",
					"@loader_path/Frameworks",
				);
				PRODUCT_BUNDLE_IDENTIFIER = com.Ethan.EWCountdownButtonTests;
				PRODUCT_NAME = "$(TARGET_NAME)";
				SWIFT_VERSION = 5.0;
				TARGETED_DEVICE_FAMILY = "1,2";
				TEST_HOST = "$(BUILT_PRODUCTS_DIR)/EWCountdownButton.app/EWCountdownButton";
			};
			name = Debug;
		};
		84193E3F2255C8F20039C6A6 /* Release */ = {
			isa = XCBuildConfiguration;
			buildSettings = {
				ALWAYS_EMBED_SWIFT_STANDARD_LIBRARIES = YES;
				BUNDLE_LOADER = "$(TEST_HOST)";
				CODE_SIGN_STYLE = Automatic;
				DEVELOPMENT_TEAM = B8V4DCL3BF;
				INFOPLIST_FILE = EWCountdownButtonTests/Info.plist;
				LD_RUNPATH_SEARCH_PATHS = (
					"$(inherited)",
					"@executable_path/Frameworks",
					"@loader_path/Frameworks",
				);
				PRODUCT_BUNDLE_IDENTIFIER = com.Ethan.EWCountdownButtonTests;
				PRODUCT_NAME = "$(TARGET_NAME)";
				SWIFT_VERSION = 5.0;
				TARGETED_DEVICE_FAMILY = "1,2";
				TEST_HOST = "$(BUILT_PRODUCTS_DIR)/EWCountdownButton.app/EWCountdownButton";
			};
			name = Release;
		};
		84193E412255C8F20039C6A6 /* Debug */ = {
			isa = XCBuildConfiguration;
			buildSettings = {
				ALWAYS_EMBED_SWIFT_STANDARD_LIBRARIES = YES;
				CODE_SIGN_STYLE = Automatic;
				DEVELOPMENT_TEAM = B8V4DCL3BF;
				INFOPLIST_FILE = EWCountdownButtonUITests/Info.plist;
				LD_RUNPATH_SEARCH_PATHS = (
					"$(inherited)",
					"@executable_path/Frameworks",
					"@loader_path/Frameworks",
				);
				PRODUCT_BUNDLE_IDENTIFIER = com.Ethan.EWCountdownButtonUITests;
				PRODUCT_NAME = "$(TARGET_NAME)";
				SWIFT_VERSION = 5.0;
				TARGETED_DEVICE_FAMILY = "1,2";
				TEST_TARGET_NAME = EWCountdownButton;
			};
			name = Debug;
		};
		84193E422255C8F20039C6A6 /* Release */ = {
			isa = XCBuildConfiguration;
			buildSettings = {
				ALWAYS_EMBED_SWIFT_STANDARD_LIBRARIES = YES;
				CODE_SIGN_STYLE = Automatic;
				DEVELOPMENT_TEAM = B8V4DCL3BF;
				INFOPLIST_FILE = EWCountdownButtonUITests/Info.plist;
				LD_RUNPATH_SEARCH_PATHS = (
					"$(inherited)",
					"@executable_path/Frameworks",
					"@loader_path/Frameworks",
				);
				PRODUCT_BUNDLE_IDENTIFIER = com.Ethan.EWCountdownButtonUITests;
				PRODUCT_NAME = "$(TARGET_NAME)";
				SWIFT_VERSION = 5.0;
				TARGETED_DEVICE_FAMILY = "1,2";
				TEST_TARGET_NAME = EWCountdownButton;
			};
			name = Release;
		};
/* End XCBuildConfiguration section */

/* Begin XCConfigurationList section */
		84193E0D2255C8F10039C6A6 /* Build configuration list for PBXProject "EWCountdownButton" */ = {
			isa = XCConfigurationList;
			buildConfigurations = (
				84193E382255C8F20039C6A6 /* Debug */,
				84193E392255C8F20039C6A6 /* Release */,
			);
			defaultConfigurationIsVisible = 0;
			defaultConfigurationName = Release;
		};
		84193E3A2255C8F20039C6A6 /* Build configuration list for PBXNativeTarget "EWCountdownButton" */ = {
			isa = XCConfigurationList;
			buildConfigurations = (
				84193E3B2255C8F20039C6A6 /* Debug */,
				84193E3C2255C8F20039C6A6 /* Release */,
			);
			defaultConfigurationIsVisible = 0;
			defaultConfigurationName = Release;
		};
		84193E3D2255C8F20039C6A6 /* Build configuration list for PBXNativeTarget "EWCountdownButtonTests" */ = {
			isa = XCConfigurationList;
			buildConfigurations = (
				84193E3E2255C8F20039C6A6 /* Debug */,
				84193E3F2255C8F20039C6A6 /* Release */,
			);
			defaultConfigurationIsVisible = 0;
			defaultConfigurationName = Release;
		};
		84193E402255C8F20039C6A6 /* Build configuration list for PBXNativeTarget "EWCountdownButtonUITests" */ = {
			isa = XCConfigurationList;
			buildConfigurations = (
				84193E412255C8F20039C6A6 /* Debug */,
				84193E422255C8F20039C6A6 /* Release */,
			);
			defaultConfigurationIsVisible = 0;
			defaultConfigurationName = Release;
		};
/* End XCConfigurationList section */
	};
	rootObject = 84193E0A2255C8F10039C6A6 /* Project object */;
}
